
Microsoft Visual Studio Solution File, Format Version 12.00
# Visual Studio Version 17
VisualStudioVersion = 17.5.33502.453
MinimumVisualStudioVersion = 10.0.40219.1
Project("{8BC9CEB8-8B4A-11D0-8D11-00A0C91BC942}") = "Multipewarisan", "Multipewarisan\Multipewarisan.vcxproj", "{963B1C01-C764-4613-AF0F-20DF5EB9DCF5}"
EndProject
Project("{8BC9CEB8-8B4A-11D0-8D11-00A0C91BC942}") = "ProblemMultiWaris", "ProblemMultiWaris\ProblemMultiWaris.vcxproj", "{8B4822F6-D405-4A25-8CEB-6C96104421A6}"
EndProject
Project("{8BC9CEB8-8B4A-11D0-8D11-00A0C91BC942}") = "ProblemMultiWariss", "ProblemMultiWariss\ProblemMultiWariss.vcxproj", "{52613C34-2B15-41F5-98D7-56127659F4B0}"
EndProject
Global
	GlobalSection(SolutionConfigurationPlatforms) = preSolution
		Debug|x64 = Debug|x64
		Debug|x86 = Debug|x86
		Release|x64 = Release|x64
		Release|x86 = Release|x86
	EndGlobalSection
	GlobalSection(ProjectConfigurationPlatforms) = postSolution
		{963B1C01-C764-4613-AF0F-20DF5EB9DCF5}.Debug|x64.ActiveCfg = Debug|x64
		{963B1C01-C764-4613-AF0F-20DF5EB9DCF5}.Debug|x64.Build.0 = Debug|x64
		{963B1C01-C764-4613-AF0F-20DF5EB9DCF5}.Debug|x86.ActiveCfg = Debug|Win32
		{963B1C01-C764-4613-AF0F-20DF5EB9DCF5}.Debug|x86.Build.0 = Debug|Win32
		{963B1C01-C764-4613-AF0F-20DF5EB9DCF5}.Release|x64.ActiveCfg = Release|x64
		{963B1C01-C764-4613-AF0F-20DF5EB9DCF5}.Release|x64.Build.0 = Release|x64
		{963B1C01-C764-4613-AF0F-20DF5EB9DCF5}.Release|x86.ActiveCfg = Release|Win32
		{963B1C01-C764-4613-AF0F-20DF5EB9DCF5}.Release|x86.Build.0 = Release|Win32
		{8B4822F6-D405-4A25-8CEB-6C96104421A6}.Debug|x64.ActiveCfg = Debug|x64
		{8B4822F6-D405-4A25-8CEB-6C96104421A6}.Debug|x64.Build.0 = Debug|x64
		{8B4822F6-D405-4A25-8CEB-6C96104421A6}.Debug|x86.ActiveCfg = Debug|Win32
		{8B4822F6-D405-4A25-8CEB-6C96104421A6}.Debug|x86.Build.0 = Debug|Win32
		{8B4822F6-D405-4A25-8CEB-6C96104421A6}.Release|x64.ActiveCfg = Release|x64
		{8B4822F6-D405-4A25-8CEB-6C96104421A6}.Release|x64.Build.0 = Release|x64
		{8B4822F6-D405-4A25-8CEB-6C96104421A6}.Release|x86.ActiveCfg = Release|Win32
		{8B4822F6-D405-4A25-8CEB-6C96104421A6}.Release|x86.Build.0 = Release|Win32
		{52613C34-2B15-41F5-98D7-56127659F4B0}.Debug|x64.ActiveCfg = Debug|x64
		{52613C34-2B15-41F5-98D7-56127659F4B0}.Debug|x64.Build.0 = Debug|x64
		{52613C34-2B15-41F5-98D7-56127659F4B0}.Debug|x86.ActiveCfg = Debug|Win32
		{52613C34-2B15-41F5-98D7-56127659F4B0}.Debug|x86.Build.0 = Debug|Win32
		{52613C34-2B15-41F5-98D7-56127659F4B0}.Release|x64.ActiveCfg = Release|x64
		{52613C34-2B15-41F5-98D7-56127659F4B0}.Release|x64.Build.0 = Release|x64
		{52613C34-2B15-41F5-98D7-56127659F4B0}.Release|x86.ActiveCfg = Release|Win32
		{52613C34-2B15-41F5-98D7-56127659F4B0}.Release|x86.Build.0 = Release|Win32
	EndGlobalSection
	GlobalSection(SolutionProperties) = preSolution
		HideSolutionNode = FALSE
	EndGlobalSection
	GlobalSection(ExtensibilityGlobals) = postSolution
		SolutionGuid = {8C7F25D9-A2A3-46E4-B246-AFEEB7185E0B}
	EndGlobalSection
EndGlobal
